// !$*UTF8*$!
{
	archiveVersion = 1;
	classes = {
	};
	objectVersion = 51;
	objects = {

/* Begin PBXBuildFile section */
		916F5F077B31F12140A22EBC /* Pods_Landmark_RemarkTests.framework in Frameworks */ = {isa = PBXBuildFile; fileRef = 2187C88867532D7C7A5A89DF /* Pods_Landmark_RemarkTests.framework */; };
		C1B588962589CC7A007AB53C /* AppDelegate.swift in Sources */ = {isa = PBXBuildFile; fileRef = C1B588952589CC7A007AB53C /* AppDelegate.swift */; };
		C1B588982589CC7A007AB53C /* SceneDelegate.swift in Sources */ = {isa = PBXBuildFile; fileRef = C1B588972589CC7A007AB53C /* SceneDelegate.swift */; };
		C1B5889D2589CC7A007AB53C /* Main.storyboard in Resources */ = {isa = PBXBuildFile; fileRef = C1B5889B2589CC7A007AB53C /* Main.storyboard */; };
		C1B5889F2589CC7A007AB53C /* Assets.xcassets in Resources */ = {isa = PBXBuildFile; fileRef = C1B5889E2589CC7A007AB53C /* Assets.xcassets */; };
		C1B588A22589CC7A007AB53C /* LaunchScreen.storyboard in Resources */ = {isa = PBXBuildFile; fileRef = C1B588A02589CC7A007AB53C /* LaunchScreen.storyboard */; };
		C1B588B82589CC7B007AB53C /* Landmark_RemarkUITests.swift in Sources */ = {isa = PBXBuildFile; fileRef = C1B588B72589CC7B007AB53C /* Landmark_RemarkUITests.swift */; };
		C1B588C92589CCA3007AB53C /* GoogleService-Info.plist in Resources */ = {isa = PBXBuildFile; fileRef = C1B588C82589CCA3007AB53C /* GoogleService-Info.plist */; };
		C1B588EE258A11BB007AB53C /* LoginViewController.swift in Sources */ = {isa = PBXBuildFile; fileRef = C1B588ED258A11BB007AB53C /* LoginViewController.swift */; };
		C1B588F8258A11FA007AB53C /* AuthenticationService.swift in Sources */ = {isa = PBXBuildFile; fileRef = C1B588F7258A11FA007AB53C /* AuthenticationService.swift */; };
		C1EF191B258A145000149E4F /* LoginViewModel.swift in Sources */ = {isa = PBXBuildFile; fileRef = C1EF191A258A145000149E4F /* LoginViewModel.swift */; };
		C1EF1920258A1E0100149E4F /* FirebaseClient.swift in Sources */ = {isa = PBXBuildFile; fileRef = C1EF191F258A1E0100149E4F /* FirebaseClient.swift */; };
		C1EF192C258A288A00149E4F /* HomeViewController.swift in Sources */ = {isa = PBXBuildFile; fileRef = C1EF192B258A288A00149E4F /* HomeViewController.swift */; };
		C1EF1934258A289400149E4F /* HomeViewModel.swift in Sources */ = {isa = PBXBuildFile; fileRef = C1EF1933258A289400149E4F /* HomeViewModel.swift */; };
		C1EF1939258A2ACC00149E4F /* AppCoordinator.swift in Sources */ = {isa = PBXBuildFile; fileRef = C1EF1938258A2ACC00149E4F /* AppCoordinator.swift */; };
		C1EF1950258ADBB200149E4F /* RemarkView.swift in Sources */ = {isa = PBXBuildFile; fileRef = C1EF194F258ADBB200149E4F /* RemarkView.swift */; };
		C1EF1955258B1F2E00149E4F /* FirestoreClient.swift in Sources */ = {isa = PBXBuildFile; fileRef = C1EF1954258B1F2E00149E4F /* FirestoreClient.swift */; };
		C1EF19A0258B341600149E4F /* DatastoreService.swift in Sources */ = {isa = PBXBuildFile; fileRef = C1EF199F258B341600149E4F /* DatastoreService.swift */; };
		C1EF19A9258C8AE000149E4F /* AddRemarkViewController.swift in Sources */ = {isa = PBXBuildFile; fileRef = C1EF19A8258C8AE000149E4F /* AddRemarkViewController.swift */; };
		C1EF19B1258C8AED00149E4F /* AddRemarkViewModel.swift in Sources */ = {isa = PBXBuildFile; fileRef = C1EF19B0258C8AED00149E4F /* AddRemarkViewModel.swift */; };
		C1EF19B7258D81F900149E4F /* UIViewController+LoadingView.swift in Sources */ = {isa = PBXBuildFile; fileRef = C1EF19B6258D81F900149E4F /* UIViewController+LoadingView.swift */; };
		C1EF19C0258DF75500149E4F /* LoadingView.swift in Sources */ = {isa = PBXBuildFile; fileRef = C1EF19BF258DF75500149E4F /* LoadingView.swift */; };
		C1EF19C8258E08C700149E4F /* UIViewController+AlertDisplayable.swift in Sources */ = {isa = PBXBuildFile; fileRef = C1EF19C7258E08C700149E4F /* UIViewController+AlertDisplayable.swift */; };
		C1EF19FB258F71C100149E4F /* RemarkPO.swift in Sources */ = {isa = PBXBuildFile; fileRef = C1EF19FA258F71C100149E4F /* RemarkPO.swift */; };
		C1EF1A52258F80A400149E4F /* FirebaseClientSpec.swift in Sources */ = {isa = PBXBuildFile; fileRef = C1EF1A51258F80A400149E4F /* FirebaseClientSpec.swift */; };
		C1EF1AB0258F98D100149E4F /* FirestoreClientSpec.swift in Sources */ = {isa = PBXBuildFile; fileRef = C1EF1AAF258F98D100149E4F /* FirestoreClientSpec.swift */; };
		C1EF1AB52590A42500149E4F /* AuthenticationServiceSpec.swift in Sources */ = {isa = PBXBuildFile; fileRef = C1EF1AB42590A42500149E4F /* AuthenticationServiceSpec.swift */; };
		C1EF1ABA2590A43700149E4F /* DatastoreServiceSpec.swift in Sources */ = {isa = PBXBuildFile; fileRef = C1EF1AB92590A43700149E4F /* DatastoreServiceSpec.swift */; };
		C1EF1AC32590CE0900149E4F /* LoginViewModelSpec.swift in Sources */ = {isa = PBXBuildFile; fileRef = C1EF1AC22590CE0900149E4F /* LoginViewModelSpec.swift */; };
		C1EF1AC92590D58200149E4F /* HomeViewModelSpec.swift in Sources */ = {isa = PBXBuildFile; fileRef = C1EF1AC82590D58200149E4F /* HomeViewModelSpec.swift */; };
		C1EF1AD2259194C300149E4F /* AddRemarkViewModelSpec.swift in Sources */ = {isa = PBXBuildFile; fileRef = C1EF1AD1259194C300149E4F /* AddRemarkViewModelSpec.swift */; };
		C1EF1ADB259196DA00149E4F /* DataStoreServiceMock.swift in Sources */ = {isa = PBXBuildFile; fileRef = C1EF1ADA259196DA00149E4F /* DataStoreServiceMock.swift */; };
		DC5CBB437CBCCCC2C6E4BBDF /* Pods_Landmark_Remark.framework in Frameworks */ = {isa = PBXBuildFile; fileRef = 5DF68AA0B9463D006E4378B2 /* Pods_Landmark_Remark.framework */; };
/* End PBXBuildFile section */

/* Begin PBXContainerItemProxy section */
		C1B588A92589CC7A007AB53C /* PBXContainerItemProxy */ = {
			isa = PBXContainerItemProxy;
			containerPortal = C1B5888A2589CC7A007AB53C /* Project object */;
			proxyType = 1;
			remoteGlobalIDString = C1B588912589CC7A007AB53C;
			remoteInfo = "Landmark Remark";
		};
		C1B588B42589CC7B007AB53C /* PBXContainerItemProxy */ = {
			isa = PBXContainerItemProxy;
			containerPortal = C1B5888A2589CC7A007AB53C /* Project object */;
			proxyType = 1;
			remoteGlobalIDString = C1B588912589CC7A007AB53C;
			remoteInfo = "Landmark Remark";
		};
/* End PBXContainerItemProxy section */

/* Begin PBXFileReference section */
		106E2A809A245AE38E435051 /* Pods-Landmark RemarkTests.xctest.xcconfig */ = {isa = PBXFileReference; includeInIndex = 1; lastKnownFileType = text.xcconfig; name = "Pods-Landmark RemarkTests.xctest.xcconfig"; path = "Target Support Files/Pods-Landmark RemarkTests/Pods-Landmark RemarkTests.xctest.xcconfig"; sourceTree = "<group>"; };
		14794F3A7A172A5F8E1D1885 /* Pods-Landmark Remark.release.xcconfig */ = {isa = PBXFileReference; includeInIndex = 1; lastKnownFileType = text.xcconfig; name = "Pods-Landmark Remark.release.xcconfig"; path = "Target Support Files/Pods-Landmark Remark/Pods-Landmark Remark.release.xcconfig"; sourceTree = "<group>"; };
		2187C88867532D7C7A5A89DF /* Pods_Landmark_RemarkTests.framework */ = {isa = PBXFileReference; explicitFileType = wrapper.framework; includeInIndex = 0; path = Pods_Landmark_RemarkTests.framework; sourceTree = BUILT_PRODUCTS_DIR; };
		5DF68AA0B9463D006E4378B2 /* Pods_Landmark_Remark.framework */ = {isa = PBXFileReference; explicitFileType = wrapper.framework; includeInIndex = 0; path = Pods_Landmark_Remark.framework; sourceTree = BUILT_PRODUCTS_DIR; };
		80DC136F3F62615AA5A60BCB /* Pods-Landmark RemarkTests.debug.xcconfig */ = {isa = PBXFileReference; includeInIndex = 1; lastKnownFileType = text.xcconfig; name = "Pods-Landmark RemarkTests.debug.xcconfig"; path = "Target Support Files/Pods-Landmark RemarkTests/Pods-Landmark RemarkTests.debug.xcconfig"; sourceTree = "<group>"; };
		83029FE409979682D468FAB6 /* Pods-Landmark Remark.xctest.xcconfig */ = {isa = PBXFileReference; includeInIndex = 1; lastKnownFileType = text.xcconfig; name = "Pods-Landmark Remark.xctest.xcconfig"; path = "Target Support Files/Pods-Landmark Remark/Pods-Landmark Remark.xctest.xcconfig"; sourceTree = "<group>"; };
		A52ADD7165F411CFAF2CE495 /* Pods-Landmark RemarkTests.release.xcconfig */ = {isa = PBXFileReference; includeInIndex = 1; lastKnownFileType = text.xcconfig; name = "Pods-Landmark RemarkTests.release.xcconfig"; path = "Target Support Files/Pods-Landmark RemarkTests/Pods-Landmark RemarkTests.release.xcconfig"; sourceTree = "<group>"; };
		C1B588922589CC7A007AB53C /* Landmark Remark.app */ = {isa = PBXFileReference; explicitFileType = wrapper.application; includeInIndex = 0; path = "Landmark Remark.app"; sourceTree = BUILT_PRODUCTS_DIR; };
		C1B588952589CC7A007AB53C /* AppDelegate.swift */ = {isa = PBXFileReference; lastKnownFileType = sourcecode.swift; path = AppDelegate.swift; sourceTree = "<group>"; };
		C1B588972589CC7A007AB53C /* SceneDelegate.swift */ = {isa = PBXFileReference; lastKnownFileType = sourcecode.swift; path = SceneDelegate.swift; sourceTree = "<group>"; };
		C1B5889C2589CC7A007AB53C /* Base */ = {isa = PBXFileReference; lastKnownFileType = file.storyboard; name = Base; path = Base.lproj/Main.storyboard; sourceTree = "<group>"; };
		C1B5889E2589CC7A007AB53C /* Assets.xcassets */ = {isa = PBXFileReference; lastKnownFileType = folder.assetcatalog; path = Assets.xcassets; sourceTree = "<group>"; };
		C1B588A12589CC7A007AB53C /* Base */ = {isa = PBXFileReference; lastKnownFileType = file.storyboard; name = Base; path = Base.lproj/LaunchScreen.storyboard; sourceTree = "<group>"; };
		C1B588A32589CC7A007AB53C /* Info.plist */ = {isa = PBXFileReference; lastKnownFileType = text.plist.xml; path = Info.plist; sourceTree = "<group>"; };
		C1B588A82589CC7A007AB53C /* Landmark RemarkTests.xctest */ = {isa = PBXFileReference; explicitFileType = wrapper.cfbundle; includeInIndex = 0; path = "Landmark RemarkTests.xctest"; sourceTree = BUILT_PRODUCTS_DIR; };
		C1B588AE2589CC7B007AB53C /* Info.plist */ = {isa = PBXFileReference; lastKnownFileType = text.plist.xml; path = Info.plist; sourceTree = "<group>"; };
		C1B588B32589CC7B007AB53C /* Landmark RemarkUITests.xctest */ = {isa = PBXFileReference; explicitFileType = wrapper.cfbundle; includeInIndex = 0; path = "Landmark RemarkUITests.xctest"; sourceTree = BUILT_PRODUCTS_DIR; };
		C1B588B72589CC7B007AB53C /* Landmark_RemarkUITests.swift */ = {isa = PBXFileReference; lastKnownFileType = sourcecode.swift; path = Landmark_RemarkUITests.swift; sourceTree = "<group>"; };
		C1B588B92589CC7B007AB53C /* Info.plist */ = {isa = PBXFileReference; lastKnownFileType = text.plist.xml; path = Info.plist; sourceTree = "<group>"; };
		C1B588C82589CCA3007AB53C /* GoogleService-Info.plist */ = {isa = PBXFileReference; fileEncoding = 4; lastKnownFileType = text.plist.xml; path = "GoogleService-Info.plist"; sourceTree = "<group>"; };
		C1B588E5258A0220007AB53C /* README.md */ = {isa = PBXFileReference; lastKnownFileType = net.daringfireball.markdown; path = README.md; sourceTree = "<group>"; };
		C1B588ED258A11BB007AB53C /* LoginViewController.swift */ = {isa = PBXFileReference; lastKnownFileType = sourcecode.swift; path = LoginViewController.swift; sourceTree = "<group>"; };
		C1B588F7258A11FA007AB53C /* AuthenticationService.swift */ = {isa = PBXFileReference; lastKnownFileType = sourcecode.swift; path = AuthenticationService.swift; sourceTree = "<group>"; };
		C1EF191A258A145000149E4F /* LoginViewModel.swift */ = {isa = PBXFileReference; lastKnownFileType = sourcecode.swift; path = LoginViewModel.swift; sourceTree = "<group>"; };
		C1EF191F258A1E0100149E4F /* FirebaseClient.swift */ = {isa = PBXFileReference; lastKnownFileType = sourcecode.swift; name = FirebaseClient.swift; path = Source/Data/FirebaseClient.swift; sourceTree = SOURCE_ROOT; };
		C1EF192B258A288A00149E4F /* HomeViewController.swift */ = {isa = PBXFileReference; lastKnownFileType = sourcecode.swift; path = HomeViewController.swift; sourceTree = "<group>"; };
		C1EF1933258A289400149E4F /* HomeViewModel.swift */ = {isa = PBXFileReference; lastKnownFileType = sourcecode.swift; path = HomeViewModel.swift; sourceTree = "<group>"; };
		C1EF1938258A2ACC00149E4F /* AppCoordinator.swift */ = {isa = PBXFileReference; lastKnownFileType = sourcecode.swift; path = AppCoordinator.swift; sourceTree = "<group>"; };
		C1EF194F258ADBB200149E4F /* RemarkView.swift */ = {isa = PBXFileReference; lastKnownFileType = sourcecode.swift; path = RemarkView.swift; sourceTree = "<group>"; };
		C1EF1954258B1F2E00149E4F /* FirestoreClient.swift */ = {isa = PBXFileReference; lastKnownFileType = sourcecode.swift; path = FirestoreClient.swift; sourceTree = "<group>"; };
		C1EF199F258B341600149E4F /* DatastoreService.swift */ = {isa = PBXFileReference; lastKnownFileType = sourcecode.swift; path = DatastoreService.swift; sourceTree = "<group>"; };
		C1EF19A8258C8AE000149E4F /* AddRemarkViewController.swift */ = {isa = PBXFileReference; lastKnownFileType = sourcecode.swift; path = AddRemarkViewController.swift; sourceTree = "<group>"; };
		C1EF19B0258C8AED00149E4F /* AddRemarkViewModel.swift */ = {isa = PBXFileReference; lastKnownFileType = sourcecode.swift; path = AddRemarkViewModel.swift; sourceTree = "<group>"; };
		C1EF19B6258D81F900149E4F /* UIViewController+LoadingView.swift */ = {isa = PBXFileReference; lastKnownFileType = sourcecode.swift; path = "UIViewController+LoadingView.swift"; sourceTree = "<group>"; };
		C1EF19BF258DF75500149E4F /* LoadingView.swift */ = {isa = PBXFileReference; lastKnownFileType = sourcecode.swift; path = LoadingView.swift; sourceTree = "<group>"; };
		C1EF19C7258E08C700149E4F /* UIViewController+AlertDisplayable.swift */ = {isa = PBXFileReference; lastKnownFileType = sourcecode.swift; path = "UIViewController+AlertDisplayable.swift"; sourceTree = "<group>"; };
		C1EF19FA258F71C100149E4F /* RemarkPO.swift */ = {isa = PBXFileReference; lastKnownFileType = sourcecode.swift; path = RemarkPO.swift; sourceTree = "<group>"; };
		C1EF1A51258F80A400149E4F /* FirebaseClientSpec.swift */ = {isa = PBXFileReference; lastKnownFileType = sourcecode.swift; path = FirebaseClientSpec.swift; sourceTree = "<group>"; };
		C1EF1AAF258F98D100149E4F /* FirestoreClientSpec.swift */ = {isa = PBXFileReference; lastKnownFileType = sourcecode.swift; path = FirestoreClientSpec.swift; sourceTree = "<group>"; };
		C1EF1AB42590A42500149E4F /* AuthenticationServiceSpec.swift */ = {isa = PBXFileReference; lastKnownFileType = sourcecode.swift; path = AuthenticationServiceSpec.swift; sourceTree = "<group>"; };
		C1EF1AB92590A43700149E4F /* DatastoreServiceSpec.swift */ = {isa = PBXFileReference; lastKnownFileType = sourcecode.swift; path = DatastoreServiceSpec.swift; sourceTree = "<group>"; };
		C1EF1AC22590CE0900149E4F /* LoginViewModelSpec.swift */ = {isa = PBXFileReference; lastKnownFileType = sourcecode.swift; path = LoginViewModelSpec.swift; sourceTree = "<group>"; };
		C1EF1AC82590D58200149E4F /* HomeViewModelSpec.swift */ = {isa = PBXFileReference; lastKnownFileType = sourcecode.swift; path = HomeViewModelSpec.swift; sourceTree = "<group>"; };
		C1EF1AD1259194C300149E4F /* AddRemarkViewModelSpec.swift */ = {isa = PBXFileReference; lastKnownFileType = sourcecode.swift; path = AddRemarkViewModelSpec.swift; sourceTree = "<group>"; };
		C1EF1ADA259196DA00149E4F /* DataStoreServiceMock.swift */ = {isa = PBXFileReference; lastKnownFileType = sourcecode.swift; path = DataStoreServiceMock.swift; sourceTree = "<group>"; };
		C5B26A8BD245A91A08F31CF0 /* Pods-Landmark Remark.debug.xcconfig */ = {isa = PBXFileReference; includeInIndex = 1; lastKnownFileType = text.xcconfig; name = "Pods-Landmark Remark.debug.xcconfig"; path = "Target Support Files/Pods-Landmark Remark/Pods-Landmark Remark.debug.xcconfig"; sourceTree = "<group>"; };
/* End PBXFileReference section */

/* Begin PBXFrameworksBuildPhase section */
		C1B5888F2589CC7A007AB53C /* Frameworks */ = {
			isa = PBXFrameworksBuildPhase;
			buildActionMask = 2147483647;
			files = (
				DC5CBB437CBCCCC2C6E4BBDF /* Pods_Landmark_Remark.framework in Frameworks */,
			);
			runOnlyForDeploymentPostprocessing = 0;
		};
		C1B588A52589CC7A007AB53C /* Frameworks */ = {
			isa = PBXFrameworksBuildPhase;
			buildActionMask = 2147483647;
			files = (
				916F5F077B31F12140A22EBC /* Pods_Landmark_RemarkTests.framework in Frameworks */,
			);
			runOnlyForDeploymentPostprocessing = 0;
		};
		C1B588B02589CC7B007AB53C /* Frameworks */ = {
			isa = PBXFrameworksBuildPhase;
			buildActionMask = 2147483647;
			files = (
			);
			runOnlyForDeploymentPostprocessing = 0;
		};
/* End PBXFrameworksBuildPhase section */

/* Begin PBXGroup section */
		32E03CEC160CC67698297459 /* Pods */ = {
			isa = PBXGroup;
			children = (
				C5B26A8BD245A91A08F31CF0 /* Pods-Landmark Remark.debug.xcconfig */,
				14794F3A7A172A5F8E1D1885 /* Pods-Landmark Remark.release.xcconfig */,
				80DC136F3F62615AA5A60BCB /* Pods-Landmark RemarkTests.debug.xcconfig */,
				A52ADD7165F411CFAF2CE495 /* Pods-Landmark RemarkTests.release.xcconfig */,
				83029FE409979682D468FAB6 /* Pods-Landmark Remark.xctest.xcconfig */,
				106E2A809A245AE38E435051 /* Pods-Landmark RemarkTests.xctest.xcconfig */,
			);
			path = Pods;
			sourceTree = "<group>";
		};
		4EB150C835C2EAA1EE3E49CF /* Frameworks */ = {
			isa = PBXGroup;
			children = (
				5DF68AA0B9463D006E4378B2 /* Pods_Landmark_Remark.framework */,
				2187C88867532D7C7A5A89DF /* Pods_Landmark_RemarkTests.framework */,
			);
			name = Frameworks;
			sourceTree = "<group>";
		};
		C1B588892589CC7A007AB53C = {
			isa = PBXGroup;
			children = (
				C1B588E5258A0220007AB53C /* README.md */,
				C1B588942589CC7A007AB53C /* Source */,
				C1B588AB2589CC7B007AB53C /* Landmark RemarkTests */,
				C1B588B62589CC7B007AB53C /* Landmark RemarkUITests */,
				C1B588932589CC7A007AB53C /* Products */,
				32E03CEC160CC67698297459 /* Pods */,
				4EB150C835C2EAA1EE3E49CF /* Frameworks */,
			);
			sourceTree = "<group>";
		};
		C1B588932589CC7A007AB53C /* Products */ = {
			isa = PBXGroup;
			children = (
				C1B588922589CC7A007AB53C /* Landmark Remark.app */,
				C1B588A82589CC7A007AB53C /* Landmark RemarkTests.xctest */,
				C1B588B32589CC7B007AB53C /* Landmark RemarkUITests.xctest */,
			);
			name = Products;
			sourceTree = "<group>";
		};
		C1B588942589CC7A007AB53C /* Source */ = {
			isa = PBXGroup;
			children = (
				C1B588EB258A1135007AB53C /* Presentation */,
				C1B588E9258A1119007AB53C /* Domain */,
				C1B588EA258A1127007AB53C /* Data */,
				C1B588952589CC7A007AB53C /* AppDelegate.swift */,
				C1B588972589CC7A007AB53C /* SceneDelegate.swift */,
				C1B5889E2589CC7A007AB53C /* Assets.xcassets */,
				C1B588A02589CC7A007AB53C /* LaunchScreen.storyboard */,
				C1B588A32589CC7A007AB53C /* Info.plist */,
				C1B588C82589CCA3007AB53C /* GoogleService-Info.plist */,
			);
			path = Source;
			sourceTree = "<group>";
		};
		C1B588AB2589CC7B007AB53C /* Landmark RemarkTests */ = {
			isa = PBXGroup;
			children = (
				C1EF1AD9259196BE00149E4F /* Common Mocks */,
				C1EF1A4B258F7ED000149E4F /* Presentation */,
				C1EF1A4C258F7EDC00149E4F /* Domain */,
				C1EF1A4D258F7EE300149E4F /* Data */,
				C1B588AE2589CC7B007AB53C /* Info.plist */,
			);
			path = "Landmark RemarkTests";
			sourceTree = "<group>";
		};
		C1B588B62589CC7B007AB53C /* Landmark RemarkUITests */ = {
			isa = PBXGroup;
			children = (
				C1B588B72589CC7B007AB53C /* Landmark_RemarkUITests.swift */,
				C1B588B92589CC7B007AB53C /* Info.plist */,
			);
			path = "Landmark RemarkUITests";
			sourceTree = "<group>";
		};
		C1B588E9258A1119007AB53C /* Domain */ = {
			isa = PBXGroup;
			children = (
				C1EF19F9258F719500149E4F /* Models */,
				C1B588F7258A11FA007AB53C /* AuthenticationService.swift */,
				C1EF199F258B341600149E4F /* DatastoreService.swift */,
			);
			path = Domain;
			sourceTree = "<group>";
		};
		C1B588EA258A1127007AB53C /* Data */ = {
			isa = PBXGroup;
			children = (
				C1EF1A02258F730400149E4F /* Models */,
				C1EF191F258A1E0100149E4F /* FirebaseClient.swift */,
				C1EF1954258B1F2E00149E4F /* FirestoreClient.swift */,
			);
			path = Data;
			sourceTree = "<group>";
		};
		C1B588EB258A1135007AB53C /* Presentation */ = {
			isa = PBXGroup;
			children = (
				C1EF19BB258D920800149E4F /* Common */,
				C1EF19B5258D81E400149E4F /* Extensions */,
				C1B5889B2589CC7A007AB53C /* Main.storyboard */,
				C1B588EC258A1188007AB53C /* Login */,
				C1EF192A258A286600149E4F /* Home */,
				C1EF19A7258C8AB700149E4F /* AddRemark */,
				C1EF1938258A2ACC00149E4F /* AppCoordinator.swift */,
			);
			path = Presentation;
			sourceTree = "<group>";
		};
		C1B588EC258A1188007AB53C /* Login */ = {
			isa = PBXGroup;
			children = (
				C1B588ED258A11BB007AB53C /* LoginViewController.swift */,
				C1EF191A258A145000149E4F /* LoginViewModel.swift */,
			);
			path = Login;
			sourceTree = "<group>";
		};
		C1EF192A258A286600149E4F /* Home */ = {
			isa = PBXGroup;
			children = (
				C1EF194E258ADB8500149E4F /* Views */,
				C1EF192B258A288A00149E4F /* HomeViewController.swift */,
				C1EF1933258A289400149E4F /* HomeViewModel.swift */,
			);
			path = Home;
			sourceTree = "<group>";
		};
		C1EF194E258ADB8500149E4F /* Views */ = {
			isa = PBXGroup;
			children = (
				C1EF194F258ADBB200149E4F /* RemarkView.swift */,
			);
			path = Views;
			sourceTree = "<group>";
		};
		C1EF19A7258C8AB700149E4F /* AddRemark */ = {
			isa = PBXGroup;
			children = (
				C1EF19A8258C8AE000149E4F /* AddRemarkViewController.swift */,
				C1EF19B0258C8AED00149E4F /* AddRemarkViewModel.swift */,
			);
			path = AddRemark;
			sourceTree = "<group>";
		};
		C1EF19B5258D81E400149E4F /* Extensions */ = {
			isa = PBXGroup;
			children = (
				C1EF19C7258E08C700149E4F /* UIViewController+AlertDisplayable.swift */,
			);
			path = Extensions;
			sourceTree = "<group>";
		};
		C1EF19BB258D920800149E4F /* Common */ = {
			isa = PBXGroup;
			children = (
				C1EF19B6258D81F900149E4F /* UIViewController+LoadingView.swift */,
				C1EF19BF258DF75500149E4F /* LoadingView.swift */,
			);
			path = Common;
			sourceTree = "<group>";
		};
		C1EF19F9258F719500149E4F /* Models */ = {
			isa = PBXGroup;
			children = (
				C1EF19FA258F71C100149E4F /* RemarkPO.swift */,
			);
			path = Models;
			sourceTree = "<group>";
		};
		C1EF1A02258F730400149E4F /* Models */ = {
			isa = PBXGroup;
			children = (
			);
			path = Models;
			sourceTree = "<group>";
		};
		C1EF1A4B258F7ED000149E4F /* Presentation */ = {
			isa = PBXGroup;
			children = (
				C1EF1ABE2590CA6C00149E4F /* Login */,
				C1EF1AC72590D40B00149E4F /* Home */,
				C1EF1AD0259194A000149E4F /* AddRemark */,
			);
			path = Presentation;
			sourceTree = "<group>";
		};
		C1EF1A4C258F7EDC00149E4F /* Domain */ = {
			isa = PBXGroup;
			children = (
				C1EF1AB42590A42500149E4F /* AuthenticationServiceSpec.swift */,
				C1EF1AB92590A43700149E4F /* DatastoreServiceSpec.swift */,
			);
			path = Domain;
			sourceTree = "<group>";
		};
		C1EF1A4D258F7EE300149E4F /* Data */ = {
			isa = PBXGroup;
			children = (
				C1EF1A51258F80A400149E4F /* FirebaseClientSpec.swift */,
				C1EF1AAF258F98D100149E4F /* FirestoreClientSpec.swift */,
			);
			path = Data;
			sourceTree = "<group>";
		};
		C1EF1ABE2590CA6C00149E4F /* Login */ = {
			isa = PBXGroup;
			children = (
				C1EF1AC22590CE0900149E4F /* LoginViewModelSpec.swift */,
			);
			path = Login;
			sourceTree = "<group>";
		};
		C1EF1AC72590D40B00149E4F /* Home */ = {
			isa = PBXGroup;
			children = (
				C1EF1AC82590D58200149E4F /* HomeViewModelSpec.swift */,
			);
			path = Home;
			sourceTree = "<group>";
		};
		C1EF1AD0259194A000149E4F /* AddRemark */ = {
			isa = PBXGroup;
			children = (
				C1EF1AD1259194C300149E4F /* AddRemarkViewModelSpec.swift */,
			);
			path = AddRemark;
			sourceTree = "<group>";
		};
		C1EF1AD9259196BE00149E4F /* Common Mocks */ = {
			isa = PBXGroup;
			children = (
				C1EF1ADA259196DA00149E4F /* DataStoreServiceMock.swift */,
			);
			path = "Common Mocks";
			sourceTree = "<group>";
		};
/* End PBXGroup section */

/* Begin PBXNativeTarget section */
		C1B588912589CC7A007AB53C /* Landmark Remark */ = {
			isa = PBXNativeTarget;
			buildConfigurationList = C1B588BC2589CC7B007AB53C /* Build configuration list for PBXNativeTarget "Landmark Remark" */;
			buildPhases = (
				4A58B75FB8697AC87F733DC3 /* [CP] Check Pods Manifest.lock */,
				C1B5888E2589CC7A007AB53C /* Sources */,
				C1B5888F2589CC7A007AB53C /* Frameworks */,
				C1B588902589CC7A007AB53C /* Resources */,
				B60DB8E55E414DDE94907E13 /* [CP] Embed Pods Frameworks */,
			);
			buildRules = (
			);
			dependencies = (
			);
			name = "Landmark Remark";
			productName = "Landmark Remark";
			productReference = C1B588922589CC7A007AB53C /* Landmark Remark.app */;
			productType = "com.apple.product-type.application";
		};
		C1B588A72589CC7A007AB53C /* Landmark RemarkTests */ = {
			isa = PBXNativeTarget;
			buildConfigurationList = C1B588BF2589CC7B007AB53C /* Build configuration list for PBXNativeTarget "Landmark RemarkTests" */;
			buildPhases = (
				16246487C8E26A19A0B8BB66 /* [CP] Check Pods Manifest.lock */,
				C1B588A42589CC7A007AB53C /* Sources */,
				C1B588A52589CC7A007AB53C /* Frameworks */,
				C1B588A62589CC7A007AB53C /* Resources */,
				6766456E750E7DC60687251A /* [CP] Embed Pods Frameworks */,
			);
			buildRules = (
			);
			dependencies = (
				C1B588AA2589CC7A007AB53C /* PBXTargetDependency */,
			);
			name = "Landmark RemarkTests";
			productName = "Landmark RemarkTests";
			productReference = C1B588A82589CC7A007AB53C /* Landmark RemarkTests.xctest */;
			productType = "com.apple.product-type.bundle.unit-test";
		};
		C1B588B22589CC7B007AB53C /* Landmark RemarkUITests */ = {
			isa = PBXNativeTarget;
			buildConfigurationList = C1B588C22589CC7B007AB53C /* Build configuration list for PBXNativeTarget "Landmark RemarkUITests" */;
			buildPhases = (
				C1B588AF2589CC7B007AB53C /* Sources */,
				C1B588B02589CC7B007AB53C /* Frameworks */,
				C1B588B12589CC7B007AB53C /* Resources */,
			);
			buildRules = (
			);
			dependencies = (
				C1B588B52589CC7B007AB53C /* PBXTargetDependency */,
			);
			name = "Landmark RemarkUITests";
			productName = "Landmark RemarkUITests";
			productReference = C1B588B32589CC7B007AB53C /* Landmark RemarkUITests.xctest */;
			productType = "com.apple.product-type.bundle.ui-testing";
		};
/* End PBXNativeTarget section */

/* Begin PBXProject section */
		C1B5888A2589CC7A007AB53C /* Project object */ = {
			isa = PBXProject;
			attributes = {
				LastSwiftUpdateCheck = 1230;
				LastUpgradeCheck = 1230;
				TargetAttributes = {
					C1B588912589CC7A007AB53C = {
						CreatedOnToolsVersion = 12.3;
					};
					C1B588A72589CC7A007AB53C = {
						CreatedOnToolsVersion = 12.3;
						TestTargetID = C1B588912589CC7A007AB53C;
					};
					C1B588B22589CC7B007AB53C = {
						CreatedOnToolsVersion = 12.3;
						TestTargetID = C1B588912589CC7A007AB53C;
					};
				};
			};
			buildConfigurationList = C1B5888D2589CC7A007AB53C /* Build configuration list for PBXProject "Landmark Remark" */;
			compatibilityVersion = "Xcode 9.3";
			developmentRegion = en;
			hasScannedForEncodings = 0;
			knownRegions = (
				en,
				Base,
			);
			mainGroup = C1B588892589CC7A007AB53C;
			productRefGroup = C1B588932589CC7A007AB53C /* Products */;
			projectDirPath = "";
			projectRoot = "";
			targets = (
				C1B588912589CC7A007AB53C /* Landmark Remark */,
				C1B588A72589CC7A007AB53C /* Landmark RemarkTests */,
				C1B588B22589CC7B007AB53C /* Landmark RemarkUITests */,
			);
		};
/* End PBXProject section */

/* Begin PBXResourcesBuildPhase section */
		C1B588902589CC7A007AB53C /* Resources */ = {
			isa = PBXResourcesBuildPhase;
			buildActionMask = 2147483647;
			files = (
				C1B588A22589CC7A007AB53C /* LaunchScreen.storyboard in Resources */,
				C1B588C92589CCA3007AB53C /* GoogleService-Info.plist in Resources */,
				C1B5889F2589CC7A007AB53C /* Assets.xcassets in Resources */,
				C1B5889D2589CC7A007AB53C /* Main.storyboard in Resources */,
			);
			runOnlyForDeploymentPostprocessing = 0;
		};
		C1B588A62589CC7A007AB53C /* Resources */ = {
			isa = PBXResourcesBuildPhase;
			buildActionMask = 2147483647;
			files = (
			);
			runOnlyForDeploymentPostprocessing = 0;
		};
		C1B588B12589CC7B007AB53C /* Resources */ = {
			isa = PBXResourcesBuildPhase;
			buildActionMask = 2147483647;
			files = (
			);
			runOnlyForDeploymentPostprocessing = 0;
		};
/* End PBXResourcesBuildPhase section */

/* Begin PBXShellScriptBuildPhase section */
		16246487C8E26A19A0B8BB66 /* [CP] Check Pods Manifest.lock */ = {
			isa = PBXShellScriptBuildPhase;
			buildActionMask = 2147483647;
			files = (
			);
			inputFileListPaths = (
			);
			inputPaths = (
				"${PODS_PODFILE_DIR_PATH}/Podfile.lock",
				"${PODS_ROOT}/Manifest.lock",
			);
			name = "[CP] Check Pods Manifest.lock";
			outputFileListPaths = (
			);
			outputPaths = (
				"$(DERIVED_FILE_DIR)/Pods-Landmark RemarkTests-checkManifestLockResult.txt",
			);
			runOnlyForDeploymentPostprocessing = 0;
			shellPath = /bin/sh;
			shellScript = "diff \"${PODS_PODFILE_DIR_PATH}/Podfile.lock\" \"${PODS_ROOT}/Manifest.lock\" > /dev/null\nif [ $? != 0 ] ; then\n    # print error to STDERR\n    echo \"error: The sandbox is not in sync with the Podfile.lock. Run 'pod install' or update your CocoaPods installation.\" >&2\n    exit 1\nfi\n# This output is used by Xcode 'outputs' to avoid re-running this script phase.\necho \"SUCCESS\" > \"${SCRIPT_OUTPUT_FILE_0}\"\n";
			showEnvVarsInLog = 0;
		};
		4A58B75FB8697AC87F733DC3 /* [CP] Check Pods Manifest.lock */ = {
			isa = PBXShellScriptBuildPhase;
			buildActionMask = 2147483647;
			files = (
			);
			inputFileListPaths = (
			);
			inputPaths = (
				"${PODS_PODFILE_DIR_PATH}/Podfile.lock",
				"${PODS_ROOT}/Manifest.lock",
			);
			name = "[CP] Check Pods Manifest.lock";
			outputFileListPaths = (
			);
			outputPaths = (
				"$(DERIVED_FILE_DIR)/Pods-Landmark Remark-checkManifestLockResult.txt",
			);
			runOnlyForDeploymentPostprocessing = 0;
			shellPath = /bin/sh;
			shellScript = "diff \"${PODS_PODFILE_DIR_PATH}/Podfile.lock\" \"${PODS_ROOT}/Manifest.lock\" > /dev/null\nif [ $? != 0 ] ; then\n    # print error to STDERR\n    echo \"error: The sandbox is not in sync with the Podfile.lock. Run 'pod install' or update your CocoaPods installation.\" >&2\n    exit 1\nfi\n# This output is used by Xcode 'outputs' to avoid re-running this script phase.\necho \"SUCCESS\" > \"${SCRIPT_OUTPUT_FILE_0}\"\n";
			showEnvVarsInLog = 0;
		};
		6766456E750E7DC60687251A /* [CP] Embed Pods Frameworks */ = {
			isa = PBXShellScriptBuildPhase;
			buildActionMask = 2147483647;
			files = (
			);
			inputFileListPaths = (
				"${PODS_ROOT}/Target Support Files/Pods-Landmark RemarkTests/Pods-Landmark RemarkTests-frameworks-${CONFIGURATION}-input-files.xcfilelist",
			);
			name = "[CP] Embed Pods Frameworks";
			outputFileListPaths = (
				"${PODS_ROOT}/Target Support Files/Pods-Landmark RemarkTests/Pods-Landmark RemarkTests-frameworks-${CONFIGURATION}-output-files.xcfilelist",
			);
			runOnlyForDeploymentPostprocessing = 0;
			shellPath = /bin/sh;
			shellScript = "\"${PODS_ROOT}/Target Support Files/Pods-Landmark RemarkTests/Pods-Landmark RemarkTests-frameworks.sh\"\n";
			showEnvVarsInLog = 0;
		};
		B60DB8E55E414DDE94907E13 /* [CP] Embed Pods Frameworks */ = {
			isa = PBXShellScriptBuildPhase;
			buildActionMask = 2147483647;
			files = (
			);
			inputFileListPaths = (
				"${PODS_ROOT}/Target Support Files/Pods-Landmark Remark/Pods-Landmark Remark-frameworks-${CONFIGURATION}-input-files.xcfilelist",
			);
			name = "[CP] Embed Pods Frameworks";
			outputFileListPaths = (
				"${PODS_ROOT}/Target Support Files/Pods-Landmark Remark/Pods-Landmark Remark-frameworks-${CONFIGURATION}-output-files.xcfilelist",
			);
			runOnlyForDeploymentPostprocessing = 0;
			shellPath = /bin/sh;
			shellScript = "\"${PODS_ROOT}/Target Support Files/Pods-Landmark Remark/Pods-Landmark Remark-frameworks.sh\"\n";
			showEnvVarsInLog = 0;
		};
/* End PBXShellScriptBuildPhase section */

/* Begin PBXSourcesBuildPhase section */
		C1B5888E2589CC7A007AB53C /* Sources */ = {
			isa = PBXSourcesBuildPhase;
			buildActionMask = 2147483647;
			files = (
				C1B588EE258A11BB007AB53C /* LoginViewController.swift in Sources */,
				C1EF19C8258E08C700149E4F /* UIViewController+AlertDisplayable.swift in Sources */,
				C1B588962589CC7A007AB53C /* AppDelegate.swift in Sources */,
				C1EF1950258ADBB200149E4F /* RemarkView.swift in Sources */,
				C1B588982589CC7A007AB53C /* SceneDelegate.swift in Sources */,
				C1EF19B1258C8AED00149E4F /* AddRemarkViewModel.swift in Sources */,
				C1EF19C0258DF75500149E4F /* LoadingView.swift in Sources */,
				C1EF1934258A289400149E4F /* HomeViewModel.swift in Sources */,
				C1EF19FB258F71C100149E4F /* RemarkPO.swift in Sources */,
				C1EF191B258A145000149E4F /* LoginViewModel.swift in Sources */,
				C1EF19B7258D81F900149E4F /* UIViewController+LoadingView.swift in Sources */,
				C1B588F8258A11FA007AB53C /* AuthenticationService.swift in Sources */,
				C1EF1955258B1F2E00149E4F /* FirestoreClient.swift in Sources */,
				C1EF192C258A288A00149E4F /* HomeViewController.swift in Sources */,
				C1EF19A0258B341600149E4F /* DatastoreService.swift in Sources */,
				C1EF19A9258C8AE000149E4F /* AddRemarkViewController.swift in Sources */,
				C1EF1939258A2ACC00149E4F /* AppCoordinator.swift in Sources */,
				C1EF1920258A1E0100149E4F /* FirebaseClient.swift in Sources */,
			);
			runOnlyForDeploymentPostprocessing = 0;
		};
		C1B588A42589CC7A007AB53C /* Sources */ = {
			isa = PBXSourcesBuildPhase;
			buildActionMask = 2147483647;
			files = (
				C1EF1ABA2590A43700149E4F /* DatastoreServiceSpec.swift in Sources */,
				C1EF1A52258F80A400149E4F /* FirebaseClientSpec.swift in Sources */,
				C1EF1AC32590CE0900149E4F /* LoginViewModelSpec.swift in Sources */,
				C1EF1AB52590A42500149E4F /* AuthenticationServiceSpec.swift in Sources */,
				C1EF1AD2259194C300149E4F /* AddRemarkViewModelSpec.swift in Sources */,
				C1EF1AC92590D58200149E4F /* HomeViewModelSpec.swift in Sources */,
				C1EF1AB0258F98D100149E4F /* FirestoreClientSpec.swift in Sources */,
				C1EF1ADB259196DA00149E4F /* DataStoreServiceMock.swift in Sources */,
			);
			runOnlyForDeploymentPostprocessing = 0;
		};
		C1B588AF2589CC7B007AB53C /* Sources */ = {
			isa = PBXSourcesBuildPhase;
			buildActionMask = 2147483647;
			files = (
				C1B588B82589CC7B007AB53C /* Landmark_RemarkUITests.swift in Sources */,
			);
			runOnlyForDeploymentPostprocessing = 0;
		};
/* End PBXSourcesBuildPhase section */

/* Begin PBXTargetDependency section */
		C1B588AA2589CC7A007AB53C /* PBXTargetDependency */ = {
			isa = PBXTargetDependency;
			target = C1B588912589CC7A007AB53C /* Landmark Remark */;
			targetProxy = C1B588A92589CC7A007AB53C /* PBXContainerItemProxy */;
		};
		C1B588B52589CC7B007AB53C /* PBXTargetDependency */ = {
			isa = PBXTargetDependency;
			target = C1B588912589CC7A007AB53C /* Landmark Remark */;
			targetProxy = C1B588B42589CC7B007AB53C /* PBXContainerItemProxy */;
		};
/* End PBXTargetDependency section */

/* Begin PBXVariantGroup section */
		C1B5889B2589CC7A007AB53C /* Main.storyboard */ = {
			isa = PBXVariantGroup;
			children = (
				C1B5889C2589CC7A007AB53C /* Base */,
			);
			name = Main.storyboard;
			sourceTree = "<group>";
		};
		C1B588A02589CC7A007AB53C /* LaunchScreen.storyboard */ = {
			isa = PBXVariantGroup;
			children = (
				C1B588A12589CC7A007AB53C /* Base */,
			);
			name = LaunchScreen.storyboard;
			sourceTree = "<group>";
		};
/* End PBXVariantGroup section */

/* Begin XCBuildConfiguration section */
		C1B588BA2589CC7B007AB53C /* Debug */ = {
			isa = XCBuildConfiguration;
			buildSettings = {
				ALWAYS_SEARCH_USER_PATHS = NO;
				CLANG_ANALYZER_NONNULL = YES;
				CLANG_ANALYZER_NUMBER_OBJECT_CONVERSION = YES_AGGRESSIVE;
				CLANG_CXX_LANGUAGE_STANDARD = "gnu++14";
				CLANG_CXX_LIBRARY = "libc++";
				CLANG_ENABLE_MODULES = YES;
				CLANG_ENABLE_OBJC_ARC = YES;
				CLANG_ENABLE_OBJC_WEAK = YES;
				CLANG_WARN_BLOCK_CAPTURE_AUTORELEASING = YES;
				CLANG_WARN_BOOL_CONVERSION = YES;
				CLANG_WARN_COMMA = YES;
				CLANG_WARN_CONSTANT_CONVERSION = YES;
				CLANG_WARN_DEPRECATED_OBJC_IMPLEMENTATIONS = YES;
				CLANG_WARN_DIRECT_OBJC_ISA_USAGE = YES_ERROR;
				CLANG_WARN_DOCUMENTATION_COMMENTS = YES;
				CLANG_WARN_EMPTY_BODY = YES;
				CLANG_WARN_ENUM_CONVERSION = YES;
				CLANG_WARN_INFINITE_RECURSION = YES;
				CLANG_WARN_INT_CONVERSION = YES;
				CLANG_WARN_NON_LITERAL_NULL_CONVERSION = YES;
				CLANG_WARN_OBJC_IMPLICIT_RETAIN_SELF = YES;
				CLANG_WARN_OBJC_LITERAL_CONVERSION = YES;
				CLANG_WARN_OBJC_ROOT_CLASS = YES_ERROR;
				CLANG_WARN_QUOTED_INCLUDE_IN_FRAMEWORK_HEADER = YES;
				CLANG_WARN_RANGE_LOOP_ANALYSIS = YES;
				CLANG_WARN_STRICT_PROTOTYPES = YES;
				CLANG_WARN_SUSPICIOUS_MOVE = YES;
				CLANG_WARN_UNGUARDED_AVAILABILITY = YES_AGGRESSIVE;
				CLANG_WARN_UNREACHABLE_CODE = YES;
				CLANG_WARN__DUPLICATE_METHOD_MATCH = YES;
				COPY_PHASE_STRIP = NO;
				DEBUG_INFORMATION_FORMAT = dwarf;
				ENABLE_STRICT_OBJC_MSGSEND = YES;
				ENABLE_TESTABILITY = YES;
				GCC_C_LANGUAGE_STANDARD = gnu11;
				GCC_DYNAMIC_NO_PIC = NO;
				GCC_NO_COMMON_BLOCKS = YES;
				GCC_OPTIMIZATION_LEVEL = 0;
				GCC_PREPROCESSOR_DEFINITIONS = (
					"DEBUG=1",
					"$(inherited)",
				);
				GCC_WARN_64_TO_32_BIT_CONVERSION = YES;
				GCC_WARN_ABOUT_RETURN_TYPE = YES_ERROR;
				GCC_WARN_UNDECLARED_SELECTOR = YES;
				GCC_WARN_UNINITIALIZED_AUTOS = YES_AGGRESSIVE;
				GCC_WARN_UNUSED_FUNCTION = YES;
				GCC_WARN_UNUSED_VARIABLE = YES;
				IPHONEOS_DEPLOYMENT_TARGET = 14.0;
				MTL_ENABLE_DEBUG_INFO = INCLUDE_SOURCE;
				MTL_FAST_MATH = YES;
				ONLY_ACTIVE_ARCH = YES;
				SDKROOT = iphoneos;
				SWIFT_ACTIVE_COMPILATION_CONDITIONS = DEBUG;
				SWIFT_OPTIMIZATION_LEVEL = "-Onone";
			};
			name = Debug;
		};
		C1B588BB2589CC7B007AB53C /* Release */ = {
			isa = XCBuildConfiguration;
			buildSettings = {
				ALWAYS_SEARCH_USER_PATHS = NO;
				CLANG_ANALYZER_NONNULL = YES;
				CLANG_ANALYZER_NUMBER_OBJECT_CONVERSION = YES_AGGRESSIVE;
				CLANG_CXX_LANGUAGE_STANDARD = "gnu++14";
				CLANG_CXX_LIBRARY = "libc++";
				CLANG_ENABLE_MODULES = YES;
				CLANG_ENABLE_OBJC_ARC = YES;
				CLANG_ENABLE_OBJC_WEAK = YES;
				CLANG_WARN_BLOCK_CAPTURE_AUTORELEASING = YES;
				CLANG_WARN_BOOL_CONVERSION = YES;
				CLANG_WARN_COMMA = YES;
				CLANG_WARN_CONSTANT_CONVERSION = YES;
				CLANG_WARN_DEPRECATED_OBJC_IMPLEMENTATIONS = YES;
				CLANG_WARN_DIRECT_OBJC_ISA_USAGE = YES_ERROR;
				CLANG_WARN_DOCUMENTATION_COMMENTS = YES;
				CLANG_WARN_EMPTY_BODY = YES;
				CLANG_WARN_ENUM_CONVERSION = YES;
				CLANG_WARN_INFINITE_RECURSION = YES;
				CLANG_WARN_INT_CONVERSION = YES;
				CLANG_WARN_NON_LITERAL_NULL_CONVERSION = YES;
				CLANG_WARN_OBJC_IMPLICIT_RETAIN_SELF = YES;
				CLANG_WARN_OBJC_LITERAL_CONVERSION = YES;
				CLANG_WARN_OBJC_ROOT_CLASS = YES_ERROR;
				CLANG_WARN_QUOTED_INCLUDE_IN_FRAMEWORK_HEADER = YES;
				CLANG_WARN_RANGE_LOOP_ANALYSIS = YES;
				CLANG_WARN_STRICT_PROTOTYPES = YES;
				CLANG_WARN_SUSPICIOUS_MOVE = YES;
				CLANG_WARN_UNGUARDED_AVAILABILITY = YES_AGGRESSIVE;
				CLANG_WARN_UNREACHABLE_CODE = YES;
				CLANG_WARN__DUPLICATE_METHOD_MATCH = YES;
				COPY_PHASE_STRIP = NO;
				DEBUG_INFORMATION_FORMAT = "dwarf-with-dsym";
				ENABLE_NS_ASSERTIONS = NO;
				ENABLE_STRICT_OBJC_MSGSEND = YES;
				GCC_C_LANGUAGE_STANDARD = gnu11;
				GCC_NO_COMMON_BLOCKS = YES;
				GCC_WARN_64_TO_32_BIT_CONVERSION = YES;
				GCC_WARN_ABOUT_RETURN_TYPE = YES_ERROR;
				GCC_WARN_UNDECLARED_SELECTOR = YES;
				GCC_WARN_UNINITIALIZED_AUTOS = YES_AGGRESSIVE;
				GCC_WARN_UNUSED_FUNCTION = YES;
				GCC_WARN_UNUSED_VARIABLE = YES;
				IPHONEOS_DEPLOYMENT_TARGET = 14.0;
				MTL_ENABLE_DEBUG_INFO = NO;
				MTL_FAST_MATH = YES;
				SDKROOT = iphoneos;
				SWIFT_COMPILATION_MODE = wholemodule;
				SWIFT_OPTIMIZATION_LEVEL = "-O";
				VALIDATE_PRODUCT = YES;
			};
			name = Release;
		};
		C1B588BD2589CC7B007AB53C /* Debug */ = {
			isa = XCBuildConfiguration;
			baseConfigurationReference = C5B26A8BD245A91A08F31CF0 /* Pods-Landmark Remark.debug.xcconfig */;
			buildSettings = {
				ASSETCATALOG_COMPILER_APPICON_NAME = AppIcon;
				ASSETCATALOG_COMPILER_GLOBAL_ACCENT_COLOR_NAME = AccentColor;
				CODE_SIGN_STYLE = Automatic;
				DEVELOPMENT_TEAM = J4976VY2YM;
				INFOPLIST_FILE = Source/Info.plist;
				LD_RUNPATH_SEARCH_PATHS = (
					"$(inherited)",
					"@executable_path/Frameworks",
				);
				PRODUCT_BUNDLE_IDENTIFIER = "Saqib.Landmark-Remark";
				PRODUCT_NAME = "$(TARGET_NAME)";
				SWIFT_VERSION = 5.0;
				TARGETED_DEVICE_FAMILY = "1,2";
			};
			name = Debug;
		};
		C1B588BE2589CC7B007AB53C /* Release */ = {
			isa = XCBuildConfiguration;
			baseConfigurationReference = 14794F3A7A172A5F8E1D1885 /* Pods-Landmark Remark.release.xcconfig */;
			buildSettings = {
				ASSETCATALOG_COMPILER_APPICON_NAME = AppIcon;
				ASSETCATALOG_COMPILER_GLOBAL_ACCENT_COLOR_NAME = AccentColor;
				CODE_SIGN_STYLE = Automatic;
				DEVELOPMENT_TEAM = J4976VY2YM;
				INFOPLIST_FILE = Source/Info.plist;
				LD_RUNPATH_SEARCH_PATHS = (
					"$(inherited)",
					"@executable_path/Frameworks",
				);
				PRODUCT_BUNDLE_IDENTIFIER = "Saqib.Landmark-Remark";
				PRODUCT_NAME = "$(TARGET_NAME)";
				SWIFT_VERSION = 5.0;
				TARGETED_DEVICE_FAMILY = "1,2";
			};
			name = Release;
		};
		C1B588C02589CC7B007AB53C /* Debug */ = {
			isa = XCBuildConfiguration;
			baseConfigurationReference = 80DC136F3F62615AA5A60BCB /* Pods-Landmark RemarkTests.debug.xcconfig */;
			buildSettings = {
				ALWAYS_EMBED_SWIFT_STANDARD_LIBRARIES = YES;
				BUNDLE_LOADER = "$(TEST_HOST)";
				CODE_SIGN_STYLE = Automatic;
				INFOPLIST_FILE = "Landmark RemarkTests/Info.plist";
				IPHONEOS_DEPLOYMENT_TARGET = 14.3;
				LD_RUNPATH_SEARCH_PATHS = (
					"$(inherited)",
					"@executable_path/Frameworks",
					"@loader_path/Frameworks",
				);
				PRODUCT_BUNDLE_IDENTIFIER = "Saqib.Landmark-RemarkTests";
				PRODUCT_NAME = "$(TARGET_NAME)";
				SWIFT_VERSION = 5.0;
				TARGETED_DEVICE_FAMILY = "1,2";
				TEST_HOST = "$(BUILT_PRODUCTS_DIR)/Landmark Remark.app/Landmark Remark";
			};
			name = Debug;
		};
		C1B588C12589CC7B007AB53C /* Release */ = {
			isa = XCBuildConfiguration;
			baseConfigurationReference = A52ADD7165F411CFAF2CE495 /* Pods-Landmark RemarkTests.release.xcconfig */;
			buildSettings = {
				ALWAYS_EMBED_SWIFT_STANDARD_LIBRARIES = YES;
				BUNDLE_LOADER = "$(TEST_HOST)";
				CODE_SIGN_STYLE = Automatic;
				INFOPLIST_FILE = "Landmark RemarkTests/Info.plist";
				IPHONEOS_DEPLOYMENT_TARGET = 14.3;
				LD_RUNPATH_SEARCH_PATHS = (
					"$(inherited)",
					"@executable_path/Frameworks",
					"@loader_path/Frameworks",
				);
				PRODUCT_BUNDLE_IDENTIFIER = "Saqib.Landmark-RemarkTests";
				PRODUCT_NAME = "$(TARGET_NAME)";
				SWIFT_VERSION = 5.0;
				TARGETED_DEVICE_FAMILY = "1,2";
				TEST_HOST = "$(BUILT_PRODUCTS_DIR)/Landmark Remark.app/Landmark Remark";
			};
			name = Release;
		};
		C1B588C32589CC7B007AB53C /* Debug */ = {
			isa = XCBuildConfiguration;
			buildSettings = {
				ALWAYS_EMBED_SWIFT_STANDARD_LIBRARIES = YES;
				CODE_SIGN_STYLE = Automatic;
				INFOPLIST_FILE = "Landmark RemarkUITests/Info.plist";
				LD_RUNPATH_SEARCH_PATHS = (
					"$(inherited)",
					"@executable_path/Frameworks",
					"@loader_path/Frameworks",
				);
				PRODUCT_BUNDLE_IDENTIFIER = "Saqib.Landmark-RemarkUITests";
				PRODUCT_NAME = "$(TARGET_NAME)";
				SWIFT_VERSION = 5.0;
				TARGETED_DEVICE_FAMILY = "1,2";
				TEST_TARGET_NAME = "Landmark Remark";
			};
			name = Debug;
		};
		C1B588C42589CC7B007AB53C /* Release */ = {
			isa = XCBuildConfiguration;
			buildSettings = {
				ALWAYS_EMBED_SWIFT_STANDARD_LIBRARIES = YES;
				CODE_SIGN_STYLE = Automatic;
				INFOPLIST_FILE = "Landmark RemarkUITests/Info.plist";
				LD_RUNPATH_SEARCH_PATHS = (
					"$(inherited)",
					"@executable_path/Frameworks",
					"@loader_path/Frameworks",
				);
				PRODUCT_BUNDLE_IDENTIFIER = "Saqib.Landmark-RemarkUITests";
				PRODUCT_NAME = "$(TARGET_NAME)";
				SWIFT_VERSION = 5.0;
				TARGETED_DEVICE_FAMILY = "1,2";
				TEST_TARGET_NAME = "Landmark Remark";
			};
			name = Release;
		};
		C1EF1A71258F863000149E4F /* Xctest */ = {
			isa = XCBuildConfiguration;
			buildSettings = {
				ALWAYS_SEARCH_USER_PATHS = NO;
				CLANG_ANALYZER_NONNULL = YES;
				CLANG_ANALYZER_NUMBER_OBJECT_CONVERSION = YES_AGGRESSIVE;
				CLANG_CXX_LANGUAGE_STANDARD = "gnu++14";
				CLANG_CXX_LIBRARY = "libc++";
				CLANG_ENABLE_MODULES = YES;
				CLANG_ENABLE_OBJC_ARC = YES;
				CLANG_ENABLE_OBJC_WEAK = YES;
				CLANG_WARN_BLOCK_CAPTURE_AUTORELEASING = YES;
				CLANG_WARN_BOOL_CONVERSION = YES;
				CLANG_WARN_COMMA = YES;
				CLANG_WARN_CONSTANT_CONVERSION = YES;
				CLANG_WARN_DEPRECATED_OBJC_IMPLEMENTATIONS = YES;
				CLANG_WARN_DIRECT_OBJC_ISA_USAGE = YES_ERROR;
				CLANG_WARN_DOCUMENTATION_COMMENTS = YES;
				CLANG_WARN_EMPTY_BODY = YES;
				CLANG_WARN_ENUM_CONVERSION = YES;
				CLANG_WARN_INFINITE_RECURSION = YES;
				CLANG_WARN_INT_CONVERSION = YES;
				CLANG_WARN_NON_LITERAL_NULL_CONVERSION = YES;
				CLANG_WARN_OBJC_IMPLICIT_RETAIN_SELF = YES;
				CLANG_WARN_OBJC_LITERAL_CONVERSION = YES;
				CLANG_WARN_OBJC_ROOT_CLASS = YES_ERROR;
				CLANG_WARN_QUOTED_INCLUDE_IN_FRAMEWORK_HEADER = YES;
				CLANG_WARN_RANGE_LOOP_ANALYSIS = YES;
				CLANG_WARN_STRICT_PROTOTYPES = YES;
				CLANG_WARN_SUSPICIOUS_MOVE = YES;
				CLANG_WARN_UNGUARDED_AVAILABILITY = YES_AGGRESSIVE;
				CLANG_WARN_UNREACHABLE_CODE = YES;
				CLANG_WARN__DUPLICATE_METHOD_MATCH = YES;
				COPY_PHASE_STRIP = NO;
				DEBUG_INFORMATION_FORMAT = dwarf;
				ENABLE_STRICT_OBJC_MSGSEND = YES;
				ENABLE_TESTABILITY = YES;
				GCC_C_LANGUAGE_STANDARD = gnu11;
				GCC_DYNAMIC_NO_PIC = NO;
				GCC_NO_COMMON_BLOCKS = YES;
				GCC_OPTIMIZATION_LEVEL = 0;
				GCC_PREPROCESSOR_DEFINITIONS = (
					"DEBUG=1",
					"$(inherited)",
					"XCTEST=1",
				);
				GCC_WARN_64_TO_32_BIT_CONVERSION = YES;
				GCC_WARN_ABOUT_RETURN_TYPE = YES_ERROR;
				GCC_WARN_UNDECLARED_SELECTOR = YES;
				GCC_WARN_UNINITIALIZED_AUTOS = YES_AGGRESSIVE;
				GCC_WARN_UNUSED_FUNCTION = YES;
				GCC_WARN_UNUSED_VARIABLE = YES;
				IPHONEOS_DEPLOYMENT_TARGET = 14.0;
				MTL_ENABLE_DEBUG_INFO = INCLUDE_SOURCE;
				MTL_FAST_MATH = YES;
				ONLY_ACTIVE_ARCH = YES;
				SDKROOT = iphoneos;
				SWIFT_ACTIVE_COMPILATION_CONDITIONS = DEBUG;
				SWIFT_OPTIMIZATION_LEVEL = "-Onone";
			};
			name = Xctest;
		};
		C1EF1A72258F863000149E4F /* Xctest */ = {
			isa = XCBuildConfiguration;
			baseConfigurationReference = 83029FE409979682D468FAB6 /* Pods-Landmark Remark.xctest.xcconfig */;
			buildSettings = {
				ASSETCATALOG_COMPILER_APPICON_NAME = AppIcon;
				ASSETCATALOG_COMPILER_GLOBAL_ACCENT_COLOR_NAME = AccentColor;
				CODE_SIGN_STYLE = Automatic;
				DEVELOPMENT_TEAM = J4976VY2YM;
				INFOPLIST_FILE = Source/Info.plist;
				LD_RUNPATH_SEARCH_PATHS = (
					"$(inherited)",
					"@executable_path/Frameworks",
				);
				PRODUCT_BUNDLE_IDENTIFIER = "Saqib.Landmark-Remark";
				PRODUCT_NAME = "$(TARGET_NAME)";
				SWIFT_VERSION = 5.0;
				TARGETED_DEVICE_FAMILY = "1,2";
			};
			name = Xctest;
		};
		C1EF1A73258F863000149E4F /* Xctest */ = {
			isa = XCBuildConfiguration;
			baseConfigurationReference = 106E2A809A245AE38E435051 /* Pods-Landmark RemarkTests.xctest.xcconfig */;
			buildSettings = {
				ALWAYS_EMBED_SWIFT_STANDARD_LIBRARIES = YES;
				BUNDLE_LOADER = "$(TEST_HOST)";
				CODE_SIGN_STYLE = Automatic;
				INFOPLIST_FILE = "Landmark RemarkTests/Info.plist";
				IPHONEOS_DEPLOYMENT_TARGET = 14.3;
				LD_RUNPATH_SEARCH_PATHS = (
					"$(inherited)",
					"@executable_path/Frameworks",
					"@loader_path/Frameworks",
				);
				PRODUCT_BUNDLE_IDENTIFIER = "Saqib.Landmark-RemarkTests";
				PRODUCT_NAME = "$(TARGET_NAME)";
				SWIFT_VERSION = 5.0;
				TARGETED_DEVICE_FAMILY = "1,2";
				TEST_HOST = "$(BUILT_PRODUCTS_DIR)/Landmark Remark.app/Landmark Remark";
			};
			name = Xctest;
		};
		C1EF1A74258F863000149E4F /* Xctest */ = {
			isa = XCBuildConfiguration;
			buildSettings = {
				ALWAYS_EMBED_SWIFT_STANDARD_LIBRARIES = YES;
				CODE_SIGN_STYLE = Automatic;
				INFOPLIST_FILE = "Landmark RemarkUITests/Info.plist";
				LD_RUNPATH_SEARCH_PATHS = (
					"$(inherited)",
					"@executable_path/Frameworks",
					"@loader_path/Frameworks",
				);
				PRODUCT_BUNDLE_IDENTIFIER = "Saqib.Landmark-RemarkUITests";
				PRODUCT_NAME = "$(TARGET_NAME)";
				SWIFT_VERSION = 5.0;
				TARGETED_DEVICE_FAMILY = "1,2";
				TEST_TARGET_NAME = "Landmark Remark";
			};
			name = Xctest;
		};
/* End XCBuildConfiguration section */

/* Begin XCConfigurationList section */
		C1B5888D2589CC7A007AB53C /* Build configuration list for PBXProject "Landmark Remark" */ = {
			isa = XCConfigurationList;
			buildConfigurations = (
				C1B588BA2589CC7B007AB53C /* Debug */,
				C1EF1A71258F863000149E4F /* Xctest */,
				C1B588BB2589CC7B007AB53C /* Release */,
			);
			defaultConfigurationIsVisible = 0;
			defaultConfigurationName = Release;
		};
		C1B588BC2589CC7B007AB53C /* Build configuration list for PBXNativeTarget "Landmark Remark" */ = {
			isa = XCConfigurationList;
			buildConfigurations = (
				C1B588BD2589CC7B007AB53C /* Debug */,
				C1EF1A72258F863000149E4F /* Xctest */,
				C1B588BE2589CC7B007AB53C /* Release */,
			);
			defaultConfigurationIsVisible = 0;
			defaultConfigurationName = Release;
		};
		C1B588BF2589CC7B007AB53C /* Build configuration list for PBXNativeTarget "Landmark RemarkTests" */ = {
			isa = XCConfigurationList;
			buildConfigurations = (
				C1B588C02589CC7B007AB53C /* Debug */,
				C1EF1A73258F863000149E4F /* Xctest */,
				C1B588C12589CC7B007AB53C /* Release */,
			);
			defaultConfigurationIsVisible = 0;
			defaultConfigurationName = Release;
		};
		C1B588C22589CC7B007AB53C /* Build configuration list for PBXNativeTarget "Landmark RemarkUITests" */ = {
			isa = XCConfigurationList;
			buildConfigurations = (
				C1B588C32589CC7B007AB53C /* Debug */,
				C1EF1A74258F863000149E4F /* Xctest */,
				C1B588C42589CC7B007AB53C /* Release */,
			);
			defaultConfigurationIsVisible = 0;
			defaultConfigurationName = Release;
		};
/* End XCConfigurationList section */
	};
	rootObject = C1B5888A2589CC7A007AB53C /* Project object */;
}
